{
  "name": "@gol-smiles/ds-evidence-cross",
  "version": "0.1.0",
  "lockfileVersion": 3,
  "requires": true,
  "packages": {
    "": {
      "name": "@gol-smiles/ds-evidence-cross",
      "version": "0.1.0",
      "dependencies": {
        "@gol-smiles/ds-evidence-core": "file:../ds-evidence-core",
        "@storybook/csf": "^0.1.11"
      },
      "bin": {
        "ds-evidence-cross": "bin/ds-evidence-cross.js"
      }
    },
    "../ds-evidence-core": {
      "name": "@gol-smiles/ds-evidence-core",
      "version": "0.1.0",
      "dependencies": {
        "pixelmatch": "^5.3.0",
        "playwright": "^1.48.0",
        "pngjs": "^7.0.0"
      }
    },
    "node_modules/@gol-smiles/ds-evidence-core": {
      "resolved": "../ds-evidence-core",
      "link": true
    },
    "node_modules/@storybook/csf": {
      "version": "0.1.13",
      "resolved": "https://registry.npmjs.org/@storybook/csf/-/csf-0.1.13.tgz",
      "integrity": "sha512-7xOOwCLGB3ebM87eemep89MYRFTko+D8qE7EdAAq74lgdqRR5cOUtYWJLjO2dLtP94nqoOdHJo6MdLLKzg412Q==",
      "license": "MIT",
      "dependencies": {
        "type-fest": "^2.19.0"
      }
    },
    "node_modules/type-fest": {
      "version": "2.19.0",
      "resolved": "https://registry.npmjs.org/type-fest/-/type-fest-2.19.0.tgz",
      "integrity": "sha512-RAH822pAdBgcNMAfWnCBU3CFZcfZ/i1eZjwFU/dsLKumyuuP3niueg2UAukXYF0E2AAoc82ZSSf9J0WQBinzHA==",
      "license": "(MIT OR CC0-1.0)",
      "engines": {
        "node": ">=12.20"
      },
      "funding": {
        "url": "https://github.com/sponsors/sindresorhus"
      }
    }
  }
}
